
Microsoft Visual Studio Solution File, Format Version 12.00
# Visual Studio 15
VisualStudioVersion = 15.0.28307.1340
MinimumVisualStudioVersion = 10.0.40219.1
Project("{8BC9CEB8-8B4A-11D0-8D11-00A0C91BC942}") = "injector", "src\injector\injector.vcxproj", "{F1A9371F-9A34-45A0-98EB-83FF371F067F}"
EndProject
Project("{2150E333-8FDC-42A3-9474-1A3956D46DE8}") = "3rdparty", "3rdparty", "{9450F472-8F28-4B9D-ADD3-60DD73AA299B}"
EndProject
Project("{8BC9CEB8-8B4A-11D0-8D11-00A0C91BC942}") = "duilib", "3rdparty\NIM_Duilib_Framework\duilib\duilib.vcxproj", "{E106ACD7-4E53-4AEE-942B-D0DD426DB34E}"
EndProject
Project("{8BC9CEB8-8B4A-11D0-8D11-00A0C91BC942}") = "base", "3rdparty\NIM_Duilib_Framework\base\base.vcxproj", "{8D9A6595-717A-41C8-B468-0011A72BE3D1}"
EndProject
Project("{8BC9CEB8-8B4A-11D0-8D11-00A0C91BC942}") = "ui_components", "3rdparty\NIM_Duilib_Framework\ui_components\ui_components.vcxproj", "{0149BA6E-3C0A-426D-AA0A-0B9EC7742F19}"
EndProject
Project("{2150E333-8FDC-42A3-9474-1A3956D46DE8}") = "注入器", "注入器", "{2AA03810-45D9-4D0E-A16D-E47D096FC55B}"
EndProject
Project("{2150E333-8FDC-42A3-9474-1A3956D46DE8}") = "DemoDll", "DemoDll", "{F6CD4595-1C86-4877-BBF7-111DD8512AEF}"
EndProject
Project("{8BC9CEB8-8B4A-11D0-8D11-00A0C91BC942}") = "injectordll", "src\injectordll\injectordll.vcxproj", "{6A52B035-A30F-4C76-B452-1B1205F151E7}"
EndProject
Project("{8BC9CEB8-8B4A-11D0-8D11-00A0C91BC942}") = "loginQRCode", "src\loginQRCode\loginQRCode.vcxproj", "{11223879-598B-41A9-BE5D-825B68F65D68}"
EndProject
Project("{8BC9CEB8-8B4A-11D0-8D11-00A0C91BC942}") = "injectcore", "src\injectcore\injectcore.vcxproj", "{5CF263D5-9DC7-4390-B976-2B601D82C495}"
EndProject
Project("{2150E333-8FDC-42A3-9474-1A3956D46DE8}") = "api", "api", "{75E5A7EE-4DEE-409B-AA91-ECBA3F5D11FF}"
EndProject
Project("{8BC9CEB8-8B4A-11D0-8D11-00A0C91BC942}") = "loginStatusMonitor", "src\loginStatusMonitor\loginStatusMonitor.vcxproj", "{BE4D5316-118C-4099-ABC0-447DC93BE707}"
EndProject
Project("{8BC9CEB8-8B4A-11D0-8D11-00A0C91BC942}") = "contactListHook", "src\contactListHook\contactListHook.vcxproj", "{B9D62DFD-5159-4743-8D14-5723C01A4B32}"
EndProject
Project("{8BC9CEB8-8B4A-11D0-8D11-00A0C91BC942}") = "logHook", "src\logHook\logHook.vcxproj", "{748968C5-4B86-4E78-A568-AC277443CE85}"
EndProject
Project("{8BC9CEB8-8B4A-11D0-8D11-00A0C91BC942}") = "recvMsgHook", "src\recvMsgHook\recvMsgHook.vcxproj", "{F6ED5DEF-AA49-43DA-A5AD-5B669CBC127D}"
EndProject
Project("{8BC9CEB8-8B4A-11D0-8D11-00A0C91BC942}") = "sendMsgDlg", "src\sendMsgDlg\sendMsgDlg.vcxproj", "{5B9EA2ED-B333-49E0-BF96-C6350A05156C}"
EndProject
Global
	GlobalSection(SolutionConfigurationPlatforms) = preSolution
		Debug|x64 = Debug|x64
		Debug|x86 = Debug|x86
		Release|x64 = Release|x64
		Release|x86 = Release|x86
	EndGlobalSection
	GlobalSection(ProjectConfigurationPlatforms) = postSolution
		{F1A9371F-9A34-45A0-98EB-83FF371F067F}.Debug|x64.ActiveCfg = Debug|x64
		{F1A9371F-9A34-45A0-98EB-83FF371F067F}.Debug|x64.Build.0 = Debug|x64
		{F1A9371F-9A34-45A0-98EB-83FF371F067F}.Debug|x86.ActiveCfg = Debug|Win32
		{F1A9371F-9A34-45A0-98EB-83FF371F067F}.Debug|x86.Build.0 = Debug|Win32
		{F1A9371F-9A34-45A0-98EB-83FF371F067F}.Release|x64.ActiveCfg = Release|x64
		{F1A9371F-9A34-45A0-98EB-83FF371F067F}.Release|x64.Build.0 = Release|x64
		{F1A9371F-9A34-45A0-98EB-83FF371F067F}.Release|x86.ActiveCfg = Release|Win32
		{F1A9371F-9A34-45A0-98EB-83FF371F067F}.Release|x86.Build.0 = Release|Win32
		{E106ACD7-4E53-4AEE-942B-D0DD426DB34E}.Debug|x64.ActiveCfg = Debug|x64
		{E106ACD7-4E53-4AEE-942B-D0DD426DB34E}.Debug|x64.Build.0 = Debug|x64
		{E106ACD7-4E53-4AEE-942B-D0DD426DB34E}.Debug|x86.ActiveCfg = Debug|Win32
		{E106ACD7-4E53-4AEE-942B-D0DD426DB34E}.Debug|x86.Build.0 = Debug|Win32
		{E106ACD7-4E53-4AEE-942B-D0DD426DB34E}.Release|x64.ActiveCfg = Release|x64
		{E106ACD7-4E53-4AEE-942B-D0DD426DB34E}.Release|x64.Build.0 = Release|x64
		{E106ACD7-4E53-4AEE-942B-D0DD426DB34E}.Release|x86.ActiveCfg = Release|Win32
		{E106ACD7-4E53-4AEE-942B-D0DD426DB34E}.Release|x86.Build.0 = Release|Win32
		{8D9A6595-717A-41C8-B468-0011A72BE3D1}.Debug|x64.ActiveCfg = Debug|x64
		{8D9A6595-717A-41C8-B468-0011A72BE3D1}.Debug|x64.Build.0 = Debug|x64
		{8D9A6595-717A-41C8-B468-0011A72BE3D1}.Debug|x86.ActiveCfg = Debug|Win32
		{8D9A6595-717A-41C8-B468-0011A72BE3D1}.Debug|x86.Build.0 = Debug|Win32
		{8D9A6595-717A-41C8-B468-0011A72BE3D1}.Release|x64.ActiveCfg = Release|x64
		{8D9A6595-717A-41C8-B468-0011A72BE3D1}.Release|x64.Build.0 = Release|x64
		{8D9A6595-717A-41C8-B468-0011A72BE3D1}.Release|x86.ActiveCfg = Release|Win32
		{8D9A6595-717A-41C8-B468-0011A72BE3D1}.Release|x86.Build.0 = Release|Win32
		{0149BA6E-3C0A-426D-AA0A-0B9EC7742F19}.Debug|x64.ActiveCfg = Debug|x64
		{0149BA6E-3C0A-426D-AA0A-0B9EC7742F19}.Debug|x64.Build.0 = Debug|x64
		{0149BA6E-3C0A-426D-AA0A-0B9EC7742F19}.Debug|x86.ActiveCfg = Debug|Win32
		{0149BA6E-3C0A-426D-AA0A-0B9EC7742F19}.Debug|x86.Build.0 = Debug|Win32
		{0149BA6E-3C0A-426D-AA0A-0B9EC7742F19}.Release|x64.ActiveCfg = Release|x64
		{0149BA6E-3C0A-426D-AA0A-0B9EC7742F19}.Release|x64.Build.0 = Release|x64
		{0149BA6E-3C0A-426D-AA0A-0B9EC7742F19}.Release|x86.ActiveCfg = Release|Win32
		{0149BA6E-3C0A-426D-AA0A-0B9EC7742F19}.Release|x86.Build.0 = Release|Win32
		{6A52B035-A30F-4C76-B452-1B1205F151E7}.Debug|x64.ActiveCfg = Debug|x64
		{6A52B035-A30F-4C76-B452-1B1205F151E7}.Debug|x64.Build.0 = Debug|x64
		{6A52B035-A30F-4C76-B452-1B1205F151E7}.Debug|x86.ActiveCfg = Debug|Win32
		{6A52B035-A30F-4C76-B452-1B1205F151E7}.Debug|x86.Build.0 = Debug|Win32
		{6A52B035-A30F-4C76-B452-1B1205F151E7}.Release|x64.ActiveCfg = Release|x64
		{6A52B035-A30F-4C76-B452-1B1205F151E7}.Release|x64.Build.0 = Release|x64
		{6A52B035-A30F-4C76-B452-1B1205F151E7}.Release|x86.ActiveCfg = Release|Win32
		{6A52B035-A30F-4C76-B452-1B1205F151E7}.Release|x86.Build.0 = Release|Win32
		{11223879-598B-41A9-BE5D-825B68F65D68}.Debug|x64.ActiveCfg = Debug|x64
		{11223879-598B-41A9-BE5D-825B68F65D68}.Debug|x64.Build.0 = Debug|x64
		{11223879-598B-41A9-BE5D-825B68F65D68}.Debug|x86.ActiveCfg = Debug|Win32
		{11223879-598B-41A9-BE5D-825B68F65D68}.Debug|x86.Build.0 = Debug|Win32
		{11223879-598B-41A9-BE5D-825B68F65D68}.Release|x64.ActiveCfg = Release|x64
		{11223879-598B-41A9-BE5D-825B68F65D68}.Release|x64.Build.0 = Release|x64
		{11223879-598B-41A9-BE5D-825B68F65D68}.Release|x86.ActiveCfg = Release|Win32
		{11223879-598B-41A9-BE5D-825B68F65D68}.Release|x86.Build.0 = Release|Win32
		{5CF263D5-9DC7-4390-B976-2B601D82C495}.Debug|x64.ActiveCfg = Debug|x64
		{5CF263D5-9DC7-4390-B976-2B601D82C495}.Debug|x64.Build.0 = Debug|x64
		{5CF263D5-9DC7-4390-B976-2B601D82C495}.Debug|x86.ActiveCfg = Debug|Win32
		{5CF263D5-9DC7-4390-B976-2B601D82C495}.Debug|x86.Build.0 = Debug|Win32
		{5CF263D5-9DC7-4390-B976-2B601D82C495}.Release|x64.ActiveCfg = Release|x64
		{5CF263D5-9DC7-4390-B976-2B601D82C495}.Release|x64.Build.0 = Release|x64
		{5CF263D5-9DC7-4390-B976-2B601D82C495}.Release|x86.ActiveCfg = Release|Win32
		{5CF263D5-9DC7-4390-B976-2B601D82C495}.Release|x86.Build.0 = Release|Win32
		{BE4D5316-118C-4099-ABC0-447DC93BE707}.Debug|x64.ActiveCfg = Debug|x64
		{BE4D5316-118C-4099-ABC0-447DC93BE707}.Debug|x64.Build.0 = Debug|x64
		{BE4D5316-118C-4099-ABC0-447DC93BE707}.Debug|x86.ActiveCfg = Debug|Win32
		{BE4D5316-118C-4099-ABC0-447DC93BE707}.Debug|x86.Build.0 = Debug|Win32
		{BE4D5316-118C-4099-ABC0-447DC93BE707}.Release|x64.ActiveCfg = Release|x64
		{BE4D5316-118C-4099-ABC0-447DC93BE707}.Release|x64.Build.0 = Release|x64
		{BE4D5316-118C-4099-ABC0-447DC93BE707}.Release|x86.ActiveCfg = Release|Win32
		{BE4D5316-118C-4099-ABC0-447DC93BE707}.Release|x86.Build.0 = Release|Win32
		{B9D62DFD-5159-4743-8D14-5723C01A4B32}.Debug|x64.ActiveCfg = Debug|x64
		{B9D62DFD-5159-4743-8D14-5723C01A4B32}.Debug|x64.Build.0 = Debug|x64
		{B9D62DFD-5159-4743-8D14-5723C01A4B32}.Debug|x86.ActiveCfg = Debug|Win32
		{B9D62DFD-5159-4743-8D14-5723C01A4B32}.Debug|x86.Build.0 = Debug|Win32
		{B9D62DFD-5159-4743-8D14-5723C01A4B32}.Release|x64.ActiveCfg = Release|x64
		{B9D62DFD-5159-4743-8D14-5723C01A4B32}.Release|x64.Build.0 = Release|x64
		{B9D62DFD-5159-4743-8D14-5723C01A4B32}.Release|x86.ActiveCfg = Release|Win32
		{B9D62DFD-5159-4743-8D14-5723C01A4B32}.Release|x86.Build.0 = Release|Win32
		{748968C5-4B86-4E78-A568-AC277443CE85}.Debug|x64.ActiveCfg = Debug|x64
		{748968C5-4B86-4E78-A568-AC277443CE85}.Debug|x64.Build.0 = Debug|x64
		{748968C5-4B86-4E78-A568-AC277443CE85}.Debug|x86.ActiveCfg = Debug|Win32
		{748968C5-4B86-4E78-A568-AC277443CE85}.Debug|x86.Build.0 = Debug|Win32
		{748968C5-4B86-4E78-A568-AC277443CE85}.Release|x64.ActiveCfg = Release|x64
		{748968C5-4B86-4E78-A568-AC277443CE85}.Release|x64.Build.0 = Release|x64
		{748968C5-4B86-4E78-A568-AC277443CE85}.Release|x86.ActiveCfg = Release|Win32
		{748968C5-4B86-4E78-A568-AC277443CE85}.Release|x86.Build.0 = Release|Win32
		{F6ED5DEF-AA49-43DA-A5AD-5B669CBC127D}.Debug|x64.ActiveCfg = Debug|x64
		{F6ED5DEF-AA49-43DA-A5AD-5B669CBC127D}.Debug|x64.Build.0 = Debug|x64
		{F6ED5DEF-AA49-43DA-A5AD-5B669CBC127D}.Debug|x86.ActiveCfg = Debug|Win32
		{F6ED5DEF-AA49-43DA-A5AD-5B669CBC127D}.Debug|x86.Build.0 = Debug|Win32
		{F6ED5DEF-AA49-43DA-A5AD-5B669CBC127D}.Release|x64.ActiveCfg = Release|x64
		{F6ED5DEF-AA49-43DA-A5AD-5B669CBC127D}.Release|x64.Build.0 = Release|x64
		{F6ED5DEF-AA49-43DA-A5AD-5B669CBC127D}.Release|x86.ActiveCfg = Release|Win32
		{F6ED5DEF-AA49-43DA-A5AD-5B669CBC127D}.Release|x86.Build.0 = Release|Win32
		{5B9EA2ED-B333-49E0-BF96-C6350A05156C}.Debug|x64.ActiveCfg = Debug|x64
		{5B9EA2ED-B333-49E0-BF96-C6350A05156C}.Debug|x64.Build.0 = Debug|x64
		{5B9EA2ED-B333-49E0-BF96-C6350A05156C}.Debug|x86.ActiveCfg = Debug|Win32
		{5B9EA2ED-B333-49E0-BF96-C6350A05156C}.Debug|x86.Build.0 = Debug|Win32
		{5B9EA2ED-B333-49E0-BF96-C6350A05156C}.Release|x64.ActiveCfg = Release|x64
		{5B9EA2ED-B333-49E0-BF96-C6350A05156C}.Release|x64.Build.0 = Release|x64
		{5B9EA2ED-B333-49E0-BF96-C6350A05156C}.Release|x86.ActiveCfg = Release|Win32
		{5B9EA2ED-B333-49E0-BF96-C6350A05156C}.Release|x86.Build.0 = Release|Win32
	EndGlobalSection
	GlobalSection(SolutionProperties) = preSolution
		HideSolutionNode = FALSE
	EndGlobalSection
	GlobalSection(NestedProjects) = preSolution
		{F1A9371F-9A34-45A0-98EB-83FF371F067F} = {2AA03810-45D9-4D0E-A16D-E47D096FC55B}
		{E106ACD7-4E53-4AEE-942B-D0DD426DB34E} = {9450F472-8F28-4B9D-ADD3-60DD73AA299B}
		{8D9A6595-717A-41C8-B468-0011A72BE3D1} = {9450F472-8F28-4B9D-ADD3-60DD73AA299B}
		{0149BA6E-3C0A-426D-AA0A-0B9EC7742F19} = {9450F472-8F28-4B9D-ADD3-60DD73AA299B}
		{6A52B035-A30F-4C76-B452-1B1205F151E7} = {2AA03810-45D9-4D0E-A16D-E47D096FC55B}
		{11223879-598B-41A9-BE5D-825B68F65D68} = {F6CD4595-1C86-4877-BBF7-111DD8512AEF}
		{5CF263D5-9DC7-4390-B976-2B601D82C495} = {75E5A7EE-4DEE-409B-AA91-ECBA3F5D11FF}
		{BE4D5316-118C-4099-ABC0-447DC93BE707} = {F6CD4595-1C86-4877-BBF7-111DD8512AEF}
		{B9D62DFD-5159-4743-8D14-5723C01A4B32} = {F6CD4595-1C86-4877-BBF7-111DD8512AEF}
		{748968C5-4B86-4E78-A568-AC277443CE85} = {F6CD4595-1C86-4877-BBF7-111DD8512AEF}
		{F6ED5DEF-AA49-43DA-A5AD-5B669CBC127D} = {F6CD4595-1C86-4877-BBF7-111DD8512AEF}
		{5B9EA2ED-B333-49E0-BF96-C6350A05156C} = {F6CD4595-1C86-4877-BBF7-111DD8512AEF}
	EndGlobalSection
	GlobalSection(ExtensibilityGlobals) = postSolution
		SolutionGuid = {0F633AA1-BB8A-4A02-BEAE-5A5EA9C1A276}
	EndGlobalSection
EndGlobal
